// !$*UTF8*$!
{
	archiveVersion = 1;
	classes = {
	};
	objectVersion = 56;
	objects = {

/* Begin PBXBuildFile section */
		4F3D1BB32926EDA9003C4512 /* MakeItMIDIApp.swift in Sources */ = {isa = PBXBuildFile; fileRef = 4F3D1BB22926EDA9003C4512 /* MakeItMIDIApp.swift */; };
		4F3D1BB52926EDA9003C4512 /* ContentView.swift in Sources */ = {isa = PBXBuildFile; fileRef = 4F3D1BB42926EDA9003C4512 /* ContentView.swift */; };
		4F3D1BB72926EDAC003C4512 /* Assets.xcassets in Resources */ = {isa = PBXBuildFile; fileRef = 4F3D1BB62926EDAC003C4512 /* Assets.xcassets */; };
		4F3D1BBB2926EDAC003C4512 /* Preview Assets.xcassets in Resources */ = {isa = PBXBuildFile; fileRef = 4F3D1BBA2926EDAC003C4512 /* Preview Assets.xcassets */; };
		4F3D1BC52926EDAC003C4512 /* MakeItMIDITests.swift in Sources */ = {isa = PBXBuildFile; fileRef = 4F3D1BC42926EDAC003C4512 /* MakeItMIDITests.swift */; };
		4F3D1BCF2926EDAC003C4512 /* MakeItMIDIUITests.swift in Sources */ = {isa = PBXBuildFile; fileRef = 4F3D1BCE2926EDAC003C4512 /* MakeItMIDIUITests.swift */; };
		4F3D1BD12926EDAC003C4512 /* MakeItMIDIUITestsLaunchTests.swift in Sources */ = {isa = PBXBuildFile; fileRef = 4F3D1BD02926EDAC003C4512 /* MakeItMIDIUITestsLaunchTests.swift */; };
/* End PBXBuildFile section */

/* Begin PBXContainerItemProxy section */
		4F3D1BC12926EDAC003C4512 /* PBXContainerItemProxy */ = {
			isa = PBXContainerItemProxy;
			containerPortal = 4F3D1BA72926EDA9003C4512 /* Project object */;
			proxyType = 1;
			remoteGlobalIDString = 4F3D1BAE2926EDA9003C4512;
			remoteInfo = MakeItMIDI;
		};
		4F3D1BCB2926EDAC003C4512 /* PBXContainerItemProxy */ = {
			isa = PBXContainerItemProxy;
			containerPortal = 4F3D1BA72926EDA9003C4512 /* Project object */;
			proxyType = 1;
			remoteGlobalIDString = 4F3D1BAE2926EDA9003C4512;
			remoteInfo = MakeItMIDI;
		};
/* End PBXContainerItemProxy section */

/* Begin PBXFileReference section */
		4F3D1BAF2926EDA9003C4512 /* MakeItMIDI.app */ = {isa = PBXFileReference; explicitFileType = wrapper.application; includeInIndex = 0; path = MakeItMIDI.app; sourceTree = BUILT_PRODUCTS_DIR; };
		4F3D1BB22926EDA9003C4512 /* MakeItMIDIApp.swift */ = {isa = PBXFileReference; lastKnownFileType = sourcecode.swift; path = MakeItMIDIApp.swift; sourceTree = "<group>"; };
		4F3D1BB42926EDA9003C4512 /* ContentView.swift */ = {isa = PBXFileReference; lastKnownFileType = sourcecode.swift; path = ContentView.swift; sourceTree = "<group>"; };
		4F3D1BB62926EDAC003C4512 /* Assets.xcassets */ = {isa = PBXFileReference; lastKnownFileType = folder.assetcatalog; path = Assets.xcassets; sourceTree = "<group>"; };
		4F3D1BB82926EDAC003C4512 /* MakeItMIDI.entitlements */ = {isa = PBXFileReference; lastKnownFileType = text.plist.entitlements; path = MakeItMIDI.entitlements; sourceTree = "<group>"; };
		4F3D1BBA2926EDAC003C4512 /* Preview Assets.xcassets */ = {isa = PBXFileReference; lastKnownFileType = folder.assetcatalog; path = "Preview Assets.xcassets"; sourceTree = "<group>"; };
		4F3D1BC02926EDAC003C4512 /* MakeItMIDITests.xctest */ = {isa = PBXFileReference; explicitFileType = wrapper.cfbundle; includeInIndex = 0; path = MakeItMIDITests.xctest; sourceTree = BUILT_PRODUCTS_DIR; };
		4F3D1BC42926EDAC003C4512 /* MakeItMIDITests.swift */ = {isa = PBXFileReference; lastKnownFileType = sourcecode.swift; path = MakeItMIDITests.swift; sourceTree = "<group>"; };
		4F3D1BCA2926EDAC003C4512 /* MakeItMIDIUITests.xctest */ = {isa = PBXFileReference; explicitFileType = wrapper.cfbundle; includeInIndex = 0; path = MakeItMIDIUITests.xctest; sourceTree = BUILT_PRODUCTS_DIR; };
		4F3D1BCE2926EDAC003C4512 /* MakeItMIDIUITests.swift */ = {isa = PBXFileReference; lastKnownFileType = sourcecode.swift; path = MakeItMIDIUITests.swift; sourceTree = "<group>"; };
		4F3D1BD02926EDAC003C4512 /* MakeItMIDIUITestsLaunchTests.swift */ = {isa = PBXFileReference; lastKnownFileType = sourcecode.swift; path = MakeItMIDIUITestsLaunchTests.swift; sourceTree = "<group>"; };
/* End PBXFileReference section */

/* Begin PBXFrameworksBuildPhase section */
		4F3D1BAC2926EDA9003C4512 /* Frameworks */ = {
			isa = PBXFrameworksBuildPhase;
			buildActionMask = 2147483647;
			files = (
			);
			runOnlyForDeploymentPostprocessing = 0;
		};
		4F3D1BBD2926EDAC003C4512 /* Frameworks */ = {
			isa = PBXFrameworksBuildPhase;
			buildActionMask = 2147483647;
			files = (
			);
			runOnlyForDeploymentPostprocessing = 0;
		};
		4F3D1BC72926EDAC003C4512 /* Frameworks */ = {
			isa = PBXFrameworksBuildPhase;
			buildActionMask = 2147483647;
			files = (
			);
			runOnlyForDeploymentPostprocessing = 0;
		};
/* End PBXFrameworksBuildPhase section */

/* Begin PBXGroup section */
		4F3D1BA62926EDA9003C4512 = {
			isa = PBXGroup;
			children = (
				4F3D1BB12926EDA9003C4512 /* MakeItMIDI */,
				4F3D1BC32926EDAC003C4512 /* MakeItMIDITests */,
				4F3D1BCD2926EDAC003C4512 /* MakeItMIDIUITests */,
				4F3D1BB02926EDA9003C4512 /* Products */,
			);
			sourceTree = "<group>";
		};
		4F3D1BB02926EDA9003C4512 /* Products */ = {
			isa = PBXGroup;
			children = (
				4F3D1BAF2926EDA9003C4512 /* MakeItMIDI.app */,
				4F3D1BC02926EDAC003C4512 /* MakeItMIDITests.xctest */,
				4F3D1BCA2926EDAC003C4512 /* MakeItMIDIUITests.xctest */,
			);
			name = Products;
			sourceTree = "<group>";
		};
		4F3D1BB12926EDA9003C4512 /* MakeItMIDI */ = {
			isa = PBXGroup;
			children = (
				4F3D1BB22926EDA9003C4512 /* MakeItMIDIApp.swift */,
				4F3D1BB42926EDA9003C4512 /* ContentView.swift */,
				4F3D1BB62926EDAC003C4512 /* Assets.xcassets */,
				4F3D1BB82926EDAC003C4512 /* MakeItMIDI.entitlements */,
				4F3D1BB92926EDAC003C4512 /* Preview Content */,
			);
			path = MakeItMIDI;
			sourceTree = "<group>";
		};
		4F3D1BB92926EDAC003C4512 /* Preview Content */ = {
			isa = PBXGroup;
			children = (
				4F3D1BBA2926EDAC003C4512 /* Preview Assets.xcassets */,
			);
			path = "Preview Content";
			sourceTree = "<group>";
		};
		4F3D1BC32926EDAC003C4512 /* MakeItMIDITests */ = {
			isa = PBXGroup;
			children = (
				4F3D1BC42926EDAC003C4512 /* MakeItMIDITests.swift */,
			);
			path = MakeItMIDITests;
			sourceTree = "<group>";
		};
		4F3D1BCD2926EDAC003C4512 /* MakeItMIDIUITests */ = {
			isa = PBXGroup;
			children = (
				4F3D1BCE2926EDAC003C4512 /* MakeItMIDIUITests.swift */,
				4F3D1BD02926EDAC003C4512 /* MakeItMIDIUITestsLaunchTests.swift */,
			);
			path = MakeItMIDIUITests;
			sourceTree = "<group>";
		};
/* End PBXGroup section */

/* Begin PBXNativeTarget section */
		4F3D1BAE2926EDA9003C4512 /* MakeItMIDI */ = {
			isa = PBXNativeTarget;
			buildConfigurationList = 4F3D1BD42926EDAC003C4512 /* Build configuration list for PBXNativeTarget "MakeItMIDI" */;
			buildPhases = (
				4F3D1BAB2926EDA9003C4512 /* Sources */,
				4F3D1BAC2926EDA9003C4512 /* Frameworks */,
				4F3D1BAD2926EDA9003C4512 /* Resources */,
			);
			buildRules = (
			);
			dependencies = (
			);
			name = MakeItMIDI;
			productName = MakeItMIDI;
			productReference = 4F3D1BAF2926EDA9003C4512 /* MakeItMIDI.app */;
			productType = "com.apple.product-type.application";
		};
		4F3D1BBF2926EDAC003C4512 /* MakeItMIDITests */ = {
			isa = PBXNativeTarget;
			buildConfigurationList = 4F3D1BD72926EDAC003C4512 /* Build configuration list for PBXNativeTarget "MakeItMIDITests" */;
			buildPhases = (
				4F3D1BBC2926EDAC003C4512 /* Sources */,
				4F3D1BBD2926EDAC003C4512 /* Frameworks */,
				4F3D1BBE2926EDAC003C4512 /* Resources */,
			);
			buildRules = (
			);
			dependencies = (
				4F3D1BC22926EDAC003C4512 /* PBXTargetDependency */,
			);
			name = MakeItMIDITests;
			productName = MakeItMIDITests;
			productReference = 4F3D1BC02926EDAC003C4512 /* MakeItMIDITests.xctest */;
			productType = "com.apple.product-type.bundle.unit-test";
		};
		4F3D1BC92926EDAC003C4512 /* MakeItMIDIUITests */ = {
			isa = PBXNativeTarget;
			buildConfigurationList = 4F3D1BDA2926EDAC003C4512 /* Build configuration list for PBXNativeTarget "MakeItMIDIUITests" */;
			buildPhases = (
				4F3D1BC62926EDAC003C4512 /* Sources */,
				4F3D1BC72926EDAC003C4512 /* Frameworks */,
				4F3D1BC82926EDAC003C4512 /* Resources */,
			);
			buildRules = (
			);
			dependencies = (
				4F3D1BCC2926EDAC003C4512 /* PBXTargetDependency */,
			);
			name = MakeItMIDIUITests;
			productName = MakeItMIDIUITests;
			productReference = 4F3D1BCA2926EDAC003C4512 /* MakeItMIDIUITests.xctest */;
			productType = "com.apple.product-type.bundle.ui-testing";
		};
/* End PBXNativeTarget section */

/* Begin PBXProject section */
		4F3D1BA72926EDA9003C4512 /* Project object */ = {
			isa = PBXProject;
			attributes = {
				BuildIndependentTargetsInParallel = 1;
				LastSwiftUpdateCheck = 1410;
				LastUpgradeCheck = 1410;
				TargetAttributes = {
					4F3D1BAE2926EDA9003C4512 = {
						CreatedOnToolsVersion = 14.1;
					};
					4F3D1BBF2926EDAC003C4512 = {
						CreatedOnToolsVersion = 14.1;
						TestTargetID = 4F3D1BAE2926EDA9003C4512;
					};
					4F3D1BC92926EDAC003C4512 = {
						CreatedOnToolsVersion = 14.1;
						TestTargetID = 4F3D1BAE2926EDA9003C4512;
					};
				};
			};
			buildConfigurationList = 4F3D1BAA2926EDA9003C4512 /* Build configuration list for PBXProject "MakeItMIDI" */;
			compatibilityVersion = "Xcode 14.0";
			developmentRegion = en;
			hasScannedForEncodings = 0;
			knownRegions = (
				en,
				Base,
			);
			mainGroup = 4F3D1BA62926EDA9003C4512;
			productRefGroup = 4F3D1BB02926EDA9003C4512 /* Products */;
			projectDirPath = "";
			projectRoot = "";
			targets = (
				4F3D1BAE2926EDA9003C4512 /* MakeItMIDI */,
				4F3D1BBF2926EDAC003C4512 /* MakeItMIDITests */,
				4F3D1BC92926EDAC003C4512 /* MakeItMIDIUITests */,
			);
		};
/* End PBXProject section */

/* Begin PBXResourcesBuildPhase section */
		4F3D1BAD2926EDA9003C4512 /* Resources */ = {
			isa = PBXResourcesBuildPhase;
			buildActionMask = 2147483647;
			files = (
				4F3D1BBB2926EDAC003C4512 /* Preview Assets.xcassets in Resources */,
				4F3D1BB72926EDAC003C4512 /* Assets.xcassets in Resources */,
			);
			runOnlyForDeploymentPostprocessing = 0;
		};
		4F3D1BBE2926EDAC003C4512 /* Resources */ = {
			isa = PBXResourcesBuildPhase;
			buildActionMask = 2147483647;
			files = (
			);
			runOnlyForDeploymentPostprocessing = 0;
		};
		4F3D1BC82926EDAC003C4512 /* Resources */ = {
			isa = PBXResourcesBuildPhase;
			buildActionMask = 2147483647;
			files = (
			);
			runOnlyForDeploymentPostprocessing = 0;
		};
/* End PBXResourcesBuildPhase section */

/* Begin PBXSourcesBuildPhase section */
		4F3D1BAB2926EDA9003C4512 /* Sources */ = {
			isa = PBXSourcesBuildPhase;
			buildActionMask = 2147483647;
			files = (
				4F3D1BB52926EDA9003C4512 /* ContentView.swift in Sources */,
				4F3D1BB32926EDA9003C4512 /* MakeItMIDIApp.swift in Sources */,
			);
			runOnlyForDeploymentPostprocessing = 0;
		};
		4F3D1BBC2926EDAC003C4512 /* Sources */ = {
			isa = PBXSourcesBuildPhase;
			buildActionMask = 2147483647;
			files = (
				4F3D1BC52926EDAC003C4512 /* MakeItMIDITests.swift in Sources */,
			);
			runOnlyForDeploymentPostprocessing = 0;
		};
		4F3D1BC62926EDAC003C4512 /* Sources */ = {
			isa = PBXSourcesBuildPhase;
			buildActionMask = 2147483647;
			files = (
				4F3D1BD12926EDAC003C4512 /* MakeItMIDIUITestsLaunchTests.swift in Sources */,
				4F3D1BCF2926EDAC003C4512 /* MakeItMIDIUITests.swift in Sources */,
			);
			runOnlyForDeploymentPostprocessing = 0;
		};
/* End PBXSourcesBuildPhase section */

/* Begin PBXTargetDependency section */
		4F3D1BC22926EDAC003C4512 /* PBXTargetDependency */ = {
			isa = PBXTargetDependency;
			target = 4F3D1BAE2926EDA9003C4512 /* MakeItMIDI */;
			targetProxy = 4F3D1BC12926EDAC003C4512 /* PBXContainerItemProxy */;
		};
		4F3D1BCC2926EDAC003C4512 /* PBXTargetDependency */ = {
			isa = PBXTargetDependency;
			target = 4F3D1BAE2926EDA9003C4512 /* MakeItMIDI */;
			targetProxy = 4F3D1BCB2926EDAC003C4512 /* PBXContainerItemProxy */;
		};
/* End PBXTargetDependency section */

/* Begin XCBuildConfiguration section */
		4F3D1BD22926EDAC003C4512 /* Debug */ = {
			isa = XCBuildConfiguration;
			buildSettings = {
				ALWAYS_SEARCH_USER_PATHS = NO;
				CLANG_ANALYZER_NONNULL = YES;
				CLANG_ANALYZER_NUMBER_OBJECT_CONVERSION = YES_AGGRESSIVE;
				CLANG_CXX_LANGUAGE_STANDARD = "gnu++20";
				CLANG_ENABLE_MODULES = YES;
				CLANG_ENABLE_OBJC_ARC = YES;
				CLANG_ENABLE_OBJC_WEAK = YES;
				CLANG_WARN_BLOCK_CAPTURE_AUTORELEASING = YES;
				CLANG_WARN_BOOL_CONVERSION = YES;
				CLANG_WARN_COMMA = YES;
				CLANG_WARN_CONSTANT_CONVERSION = YES;
				CLANG_WARN_DEPRECATED_OBJC_IMPLEMENTATIONS = YES;
				CLANG_WARN_DIRECT_OBJC_ISA_USAGE = YES_ERROR;
				CLANG_WARN_DOCUMENTATION_COMMENTS = YES;
				CLANG_WARN_EMPTY_BODY = YES;
				CLANG_WARN_ENUM_CONVERSION = YES;
				CLANG_WARN_INFINITE_RECURSION = YES;
				CLANG_WARN_INT_CONVERSION = YES;
				CLANG_WARN_NON_LITERAL_NULL_CONVERSION = YES;
				CLANG_WARN_OBJC_IMPLICIT_RETAIN_SELF = YES;
				CLANG_WARN_OBJC_LITERAL_CONVERSION = YES;
				CLANG_WARN_OBJC_ROOT_CLASS = YES_ERROR;
				CLANG_WARN_QUOTED_INCLUDE_IN_FRAMEWORK_HEADER = YES;
				CLANG_WARN_RANGE_LOOP_ANALYSIS = YES;
				CLANG_WARN_STRICT_PROTOTYPES = YES;
				CLANG_WARN_SUSPICIOUS_MOVE = YES;
				CLANG_WARN_UNGUARDED_AVAILABILITY = YES_AGGRESSIVE;
				CLANG_WARN_UNREACHABLE_CODE = YES;
				CLANG_WARN__DUPLICATE_METHOD_MATCH = YES;
				COPY_PHASE_STRIP = NO;
				DEBUG_INFORMATION_FORMAT = dwarf;
				ENABLE_STRICT_OBJC_MSGSEND = YES;
				ENABLE_TESTABILITY = YES;
				GCC_C_LANGUAGE_STANDARD = gnu11;
				GCC_DYNAMIC_NO_PIC = NO;
				GCC_NO_COMMON_BLOCKS = YES;
				GCC_OPTIMIZATION_LEVEL = 0;
				GCC_PREPROCESSOR_DEFINITIONS = (
					"DEBUG=1",
					"$(inherited)",
				);
				GCC_WARN_64_TO_32_BIT_CONVERSION = YES;
				GCC_WARN_ABOUT_RETURN_TYPE = YES_ERROR;
				GCC_WARN_UNDECLARED_SELECTOR = YES;
				GCC_WARN_UNINITIALIZED_AUTOS = YES_AGGRESSIVE;
				GCC_WARN_UNUSED_FUNCTION = YES;
				GCC_WARN_UNUSED_VARIABLE = YES;
				MTL_ENABLE_DEBUG_INFO = INCLUDE_SOURCE;
				MTL_FAST_MATH = YES;
				ONLY_ACTIVE_ARCH = YES;
				SWIFT_ACTIVE_COMPILATION_CONDITIONS = DEBUG;
				SWIFT_OPTIMIZATION_LEVEL = "-Onone";
			};
			name = Debug;
		};
		4F3D1BD32926EDAC003C4512 /* Release */ = {
			isa = XCBuildConfiguration;
			buildSettings = {
				ALWAYS_SEARCH_USER_PATHS = NO;
				CLANG_ANALYZER_NONNULL = YES;
				CLANG_ANALYZER_NUMBER_OBJECT_CONVERSION = YES_AGGRESSIVE;
				CLANG_CXX_LANGUAGE_STANDARD = "gnu++20";
				CLANG_ENABLE_MODULES = YES;
				CLANG_ENABLE_OBJC_ARC = YES;
				CLANG_ENABLE_OBJC_WEAK = YES;
				CLANG_WARN_BLOCK_CAPTURE_AUTORELEASING = YES;
				CLANG_WARN_BOOL_CONVERSION = YES;
				CLANG_WARN_COMMA = YES;
				CLANG_WARN_CONSTANT_CONVERSION = YES;
				CLANG_WARN_DEPRECATED_OBJC_IMPLEMENTATIONS = YES;
				CLANG_WARN_DIRECT_OBJC_ISA_USAGE = YES_ERROR;
				CLANG_WARN_DOCUMENTATION_COMMENTS = YES;
				CLANG_WARN_EMPTY_BODY = YES;
				CLANG_WARN_ENUM_CONVERSION = YES;
				CLANG_WARN_INFINITE_RECURSION = YES;
				CLANG_WARN_INT_CONVERSION = YES;
				CLANG_WARN_NON_LITERAL_NULL_CONVERSION = YES;
				CLANG_WARN_OBJC_IMPLICIT_RETAIN_SELF = YES;
				CLANG_WARN_OBJC_LITERAL_CONVERSION = YES;
				CLANG_WARN_OBJC_ROOT_CLASS = YES_ERROR;
				CLANG_WARN_QUOTED_INCLUDE_IN_FRAMEWORK_HEADER = YES;
				CLANG_WARN_RANGE_LOOP_ANALYSIS = YES;
				CLANG_WARN_STRICT_PROTOTYPES = YES;
				CLANG_WARN_SUSPICIOUS_MOVE = YES;
				CLANG_WARN_UNGUARDED_AVAILABILITY = YES_AGGRESSIVE;
				CLANG_WARN_UNREACHABLE_CODE = YES;
				CLANG_WARN__DUPLICATE_METHOD_MATCH = YES;
				COPY_PHASE_STRIP = NO;
				DEBUG_INFORMATION_FORMAT = "dwarf-with-dsym";
				ENABLE_NS_ASSERTIONS = NO;
				ENABLE_STRICT_OBJC_MSGSEND = YES;
				GCC_C_LANGUAGE_STANDARD = gnu11;
				GCC_NO_COMMON_BLOCKS = YES;
				GCC_WARN_64_TO_32_BIT_CONVERSION = YES;
				GCC_WARN_ABOUT_RETURN_TYPE = YES_ERROR;
				GCC_WARN_UNDECLARED_SELECTOR = YES;
				GCC_WARN_UNINITIALIZED_AUTOS = YES_AGGRESSIVE;
				GCC_WARN_UNUSED_FUNCTION = YES;
				GCC_WARN_UNUSED_VARIABLE = YES;
				MTL_ENABLE_DEBUG_INFO = NO;
				MTL_FAST_MATH = YES;
				SWIFT_COMPILATION_MODE = wholemodule;
				SWIFT_OPTIMIZATION_LEVEL = "-O";
			};
			name = Release;
		};
		4F3D1BD52926EDAC003C4512 /* Debug */ = {
			isa = XCBuildConfiguration;
			buildSettings = {
				ASSETCATALOG_COMPILER_APPICON_NAME = AppIcon;
				ASSETCATALOG_COMPILER_GLOBAL_ACCENT_COLOR_NAME = AccentColor;
				CODE_SIGN_ENTITLEMENTS = MakeItMIDI/MakeItMIDI.entitlements;
				CODE_SIGN_STYLE = Automatic;
				CURRENT_PROJECT_VERSION = 1;
				DEVELOPMENT_ASSET_PATHS = "\"MakeItMIDI/Preview Content\"";
				DEVELOPMENT_TEAM = WH4JW82SW4;
				ENABLE_HARDENED_RUNTIME = YES;
				ENABLE_PREVIEWS = YES;
				GENERATE_INFOPLIST_FILE = YES;
				"INFOPLIST_KEY_UIApplicationSceneManifest_Generation[sdk=iphoneos*]" = YES;
				"INFOPLIST_KEY_UIApplicationSceneManifest_Generation[sdk=iphonesimulator*]" = YES;
				"INFOPLIST_KEY_UIApplicationSupportsIndirectInputEvents[sdk=iphoneos*]" = YES;
				"INFOPLIST_KEY_UIApplicationSupportsIndirectInputEvents[sdk=iphonesimulator*]" = YES;
				"INFOPLIST_KEY_UILaunchScreen_Generation[sdk=iphoneos*]" = YES;
				"INFOPLIST_KEY_UILaunchScreen_Generation[sdk=iphonesimulator*]" = YES;
				"INFOPLIST_KEY_UIStatusBarStyle[sdk=iphoneos*]" = UIStatusBarStyleDefault;
				"INFOPLIST_KEY_UIStatusBarStyle[sdk=iphonesimulator*]" = UIStatusBarStyleDefault;
				INFOPLIST_KEY_UISupportedInterfaceOrientations_iPad = "UIInterfaceOrientationPortrait UIInterfaceOrientationPortraitUpsideDown UIInterfaceOrientationLandscapeLeft UIInterfaceOrientationLandscapeRight";
				INFOPLIST_KEY_UISupportedInterfaceOrientations_iPhone = "UIInterfaceOrientationPortrait UIInterfaceOrientationLandscapeLeft UIInterfaceOrientationLandscapeRight";
				IPHONEOS_DEPLOYMENT_TARGET = 16.1;
				LD_RUNPATH_SEARCH_PATHS = "@executable_path/Frameworks";
				"LD_RUNPATH_SEARCH_PATHS[sdk=macosx*]" = "@executable_path/../Frameworks";
				MACOSX_DEPLOYMENT_TARGET = 13.0;
				MARKETING_VERSION = 1.0;
				PRODUCT_BUNDLE_IDENTIFIER = dev.nethery.MakeItMIDI;
				PRODUCT_NAME = "$(TARGET_NAME)";
				SDKROOT = auto;
				SUPPORTED_PLATFORMS = "iphoneos iphonesimulator macosx";
				SWIFT_EMIT_LOC_STRINGS = YES;
				SWIFT_VERSION = 5.0;
				TARGETED_DEVICE_FAMILY = "1,2";
			};
			name = Debug;
		};
		4F3D1BD62926EDAC003C4512 /* Release */ = {
			isa = XCBuildConfiguration;
			buildSettings = {
				ASSETCATALOG_COMPILER_APPICON_NAME = AppIcon;
				ASSETCATALOG_COMPILER_GLOBAL_ACCENT_COLOR_NAME = AccentColor;
				CODE_SIGN_ENTITLEMENTS = MakeItMIDI/MakeItMIDI.entitlements;
				CODE_SIGN_STYLE = Automatic;
				CURRENT_PROJECT_VERSION = 1;
				DEVELOPMENT_ASSET_PATHS = "\"MakeItMIDI/Preview Content\"";
				DEVELOPMENT_TEAM = WH4JW82SW4;
				ENABLE_HARDENED_RUNTIME = YES;
				ENABLE_PREVIEWS = YES;
				GENERATE_INFOPLIST_FILE = YES;
				"INFOPLIST_KEY_UIApplicationSceneManifest_Generation[sdk=iphoneos*]" = YES;
				"INFOPLIST_KEY_UIApplicationSceneManifest_Generation[sdk=iphonesimulator*]" = YES;
				"INFOPLIST_KEY_UIApplicationSupportsIndirectInputEvents[sdk=iphoneos*]" = YES;
				"INFOPLIST_KEY_UIApplicationSupportsIndirectInputEvents[sdk=iphonesimulator*]" = YES;
				"INFOPLIST_KEY_UILaunchScreen_Generation[sdk=iphoneos*]" = YES;
				"INFOPLIST_KEY_UILaunchScreen_Generation[sdk=iphonesimulator*]" = YES;
				"INFOPLIST_KEY_UIStatusBarStyle[sdk=iphoneos*]" = UIStatusBarStyleDefault;
				"INFOPLIST_KEY_UIStatusBarStyle[sdk=iphonesimulator*]" = UIStatusBarStyleDefault;
				INFOPLIST_KEY_UISupportedInterfaceOrientations_iPad = "UIInterfaceOrientationPortrait UIInterfaceOrientationPortraitUpsideDown UIInterfaceOrientationLandscapeLeft UIInterfaceOrientationLandscapeRight";
				INFOPLIST_KEY_UISupportedInterfaceOrientations_iPhone = "UIInterfaceOrientationPortrait UIInterfaceOrientationLandscapeLeft UIInterfaceOrientationLandscapeRight";
				IPHONEOS_DEPLOYMENT_TARGET = 16.1;
				LD_RUNPATH_SEARCH_PATHS = "@executable_path/Frameworks";
				"LD_RUNPATH_SEARCH_PATHS[sdk=macosx*]" = "@executable_path/../Frameworks";
				MACOSX_DEPLOYMENT_TARGET = 13.0;
				MARKETING_VERSION = 1.0;
				PRODUCT_BUNDLE_IDENTIFIER = dev.nethery.MakeItMIDI;
				PRODUCT_NAME = "$(TARGET_NAME)";
				SDKROOT = auto;
				SUPPORTED_PLATFORMS = "iphoneos iphonesimulator macosx";
				SWIFT_EMIT_LOC_STRINGS = YES;
				SWIFT_VERSION = 5.0;
				TARGETED_DEVICE_FAMILY = "1,2";
			};
			name = Release;
		};
		4F3D1BD82926EDAC003C4512 /* Debug */ = {
			isa = XCBuildConfiguration;
			buildSettings = {
				ALWAYS_EMBED_SWIFT_STANDARD_LIBRARIES = YES;
				BUNDLE_LOADER = "$(TEST_HOST)";
				CODE_SIGN_STYLE = Automatic;
				CURRENT_PROJECT_VERSION = 1;
				DEVELOPMENT_TEAM = WH4JW82SW4;
				GENERATE_INFOPLIST_FILE = YES;
				IPHONEOS_DEPLOYMENT_TARGET = 16.1;
				MACOSX_DEPLOYMENT_TARGET = 13.0;
				MARKETING_VERSION = 1.0;
				PRODUCT_BUNDLE_IDENTIFIER = dev.nethery.MakeItMIDITests;
				PRODUCT_NAME = "$(TARGET_NAME)";
				SDKROOT = auto;
				SUPPORTED_PLATFORMS = "iphoneos iphonesimulator macosx";
				SWIFT_EMIT_LOC_STRINGS = NO;
				SWIFT_VERSION = 5.0;
				TARGETED_DEVICE_FAMILY = "1,2";
				TEST_HOST = "$(BUILT_PRODUCTS_DIR)/MakeItMIDI.app/$(BUNDLE_EXECUTABLE_FOLDER_PATH)/MakeItMIDI";
			};
			name = Debug;
		};
		4F3D1BD92926EDAC003C4512 /* Release */ = {
			isa = XCBuildConfiguration;
			buildSettings = {
				ALWAYS_EMBED_SWIFT_STANDARD_LIBRARIES = YES;
				BUNDLE_LOADER = "$(TEST_HOST)";
				CODE_SIGN_STYLE = Automatic;
				CURRENT_PROJECT_VERSION = 1;
				DEVELOPMENT_TEAM = WH4JW82SW4;
				GENERATE_INFOPLIST_FILE = YES;
				IPHONEOS_DEPLOYMENT_TARGET = 16.1;
				MACOSX_DEPLOYMENT_TARGET = 13.0;
				MARKETING_VERSION = 1.0;
				PRODUCT_BUNDLE_IDENTIFIER = dev.nethery.MakeItMIDITests;
				PRODUCT_NAME = "$(TARGET_NAME)";
				SDKROOT = auto;
				SUPPORTED_PLATFORMS = "iphoneos iphonesimulator macosx";
				SWIFT_EMIT_LOC_STRINGS = NO;
				SWIFT_VERSION = 5.0;
				TARGETED_DEVICE_FAMILY = "1,2";
				TEST_HOST = "$(BUILT_PRODUCTS_DIR)/MakeItMIDI.app/$(BUNDLE_EXECUTABLE_FOLDER_PATH)/MakeItMIDI";
			};
			name = Release;
		};
		4F3D1BDB2926EDAC003C4512 /* Debug */ = {
			isa = XCBuildConfiguration;
			buildSettings = {
				ALWAYS_EMBED_SWIFT_STANDARD_LIBRARIES = YES;
				CODE_SIGN_STYLE = Automatic;
				CURRENT_PROJECT_VERSION = 1;
				DEVELOPMENT_TEAM = WH4JW82SW4;
				GENERATE_INFOPLIST_FILE = YES;
				IPHONEOS_DEPLOYMENT_TARGET = 16.1;
				MACOSX_DEPLOYMENT_TARGET = 13.0;
				MARKETING_VERSION = 1.0;
				PRODUCT_BUNDLE_IDENTIFIER = dev.nethery.MakeItMIDIUITests;
				PRODUCT_NAME = "$(TARGET_NAME)";
				SDKROOT = auto;
				SUPPORTED_PLATFORMS = "iphoneos iphonesimulator macosx";
				SWIFT_EMIT_LOC_STRINGS = NO;
				SWIFT_VERSION = 5.0;
				TARGETED_DEVICE_FAMILY = "1,2";
				TEST_TARGET_NAME = MakeItMIDI;
			};
			name = Debug;
		};
		4F3D1BDC2926EDAC003C4512 /* Release */ = {
			isa = XCBuildConfiguration;
			buildSettings = {
				ALWAYS_EMBED_SWIFT_STANDARD_LIBRARIES = YES;
				CODE_SIGN_STYLE = Automatic;
				CURRENT_PROJECT_VERSION = 1;
				DEVELOPMENT_TEAM = WH4JW82SW4;
				GENERATE_INFOPLIST_FILE = YES;
				IPHONEOS_DEPLOYMENT_TARGET = 16.1;
				MACOSX_DEPLOYMENT_TARGET = 13.0;
				MARKETING_VERSION = 1.0;
				PRODUCT_BUNDLE_IDENTIFIER = dev.nethery.MakeItMIDIUITests;
				PRODUCT_NAME = "$(TARGET_NAME)";
				SDKROOT = auto;
				SUPPORTED_PLATFORMS = "iphoneos iphonesimulator macosx";
				SWIFT_EMIT_LOC_STRINGS = NO;
				SWIFT_VERSION = 5.0;
				TARGETED_DEVICE_FAMILY = "1,2";
				TEST_TARGET_NAME = MakeItMIDI;
			};
			name = Release;
		};
/* End XCBuildConfiguration section */

/* Begin XCConfigurationList section */
		4F3D1BAA2926EDA9003C4512 /* Build configuration list for PBXProject "MakeItMIDI" */ = {
			isa = XCConfigurationList;
			buildConfigurations = (
				4F3D1BD22926EDAC003C4512 /* Debug */,
				4F3D1BD32926EDAC003C4512 /* Release */,
			);
			defaultConfigurationIsVisible = 0;
			defaultConfigurationName = Release;
		};
		4F3D1BD42926EDAC003C4512 /* Build configuration list for PBXNativeTarget "MakeItMIDI" */ = {
			isa = XCConfigurationList;
			buildConfigurations = (
				4F3D1BD52926EDAC003C4512 /* Debug */,
				4F3D1BD62926EDAC003C4512 /* Release */,
			);
			defaultConfigurationIsVisible = 0;
			defaultConfigurationName = Release;
		};
		4F3D1BD72926EDAC003C4512 /* Build configuration list for PBXNativeTarget "MakeItMIDITests" */ = {
			isa = XCConfigurationList;
			buildConfigurations = (
				4F3D1BD82926EDAC003C4512 /* Debug */,
				4F3D1BD92926EDAC003C4512 /* Release */,
			);
			defaultConfigurationIsVisible = 0;
			defaultConfigurationName = Release;
		};
		4F3D1BDA2926EDAC003C4512 /* Build configuration list for PBXNativeTarget "MakeItMIDIUITests" */ = {
			isa = XCConfigurationList;
			buildConfigurations = (
				4F3D1BDB2926EDAC003C4512 /* Debug */,
				4F3D1BDC2926EDAC003C4512 /* Release */,
			);
			defaultConfigurationIsVisible = 0;
			defaultConfigurationName = Release;
		};
/* End XCConfigurationList section */
	};
	rootObject = 4F3D1BA72926EDA9003C4512 /* Project object */;
}
